
Microsoft Visual Studio Solution File, Format Version 12.00
# Visual Studio Version 17
VisualStudioVersion = 17.8.34309.116
MinimumVisualStudioVersion = 10.0.40219.1
Project("{FAE04EC0-301F-11D3-BF4B-00C04F79EFBC}") = "PharmacySystem", "PharmacySystem\PharmacySystem.csproj", "{6287E496-EEF6-4993-BF80-D6FE64C4A9B6}"
EndProject
Global
	GlobalSection(SolutionConfigurationPlatforms) = preSolution
		Debug|Any CPU = Debug|Any CPU
		Release|Any CPU = Release|Any CPU
	EndGlobalSection
	GlobalSection(ProjectConfigurationPlatforms) = postSolution
		{6287E496-EEF6-4993-BF80-D6FE64C4A9B6}.Debug|Any CPU.ActiveCfg = Debug|Any CPU
		{6287E496-EEF6-4993-BF80-D6FE64C4A9B6}.Debug|Any CPU.Build.0 = Debug|Any CPU
		{6287E496-EEF6-4993-BF80-D6FE64C4A9B6}.Release|Any CPU.ActiveCfg = Release|Any CPU
		{6287E496-EEF6-4993-BF80-D6FE64C4A9B6}.Release|Any CPU.Build.0 = Release|Any CPU
	EndGlobalSection
	GlobalSection(SolutionProperties) = preSolution
		HideSolutionNode = FALSE
	EndGlobalSection
	GlobalSection(ExtensibilityGlobals) = postSolution
		SolutionGuid = {363AC9C0-FC09-4383-9B8D-AB7DF58DDD94}
	EndGlobalSection
EndGlobal
